
Microsoft Visual Studio Solution File, Format Version 12.00
# Visual Studio Version 17
VisualStudioVersion = 17.2.32630.192
MinimumVisualStudioVersion = 10.0.40219.1
Project("{9A19103F-16F7-4668-BE54-9A1E7A4F7556}") = "R5T.S0096", "R5T.S0096\R5T.S0096.csproj", "{107EB761-D173-46D8-9D99-68EC7EE95B1F}"
EndProject
Project("{2150E333-8FDC-42A3-9474-1A3956D46DE8}") = "_Dependencies", "_Dependencies", "{82B82D77-A6F5-4984-99A9-63CCD0526A69}"
EndProject
Project("{9A19103F-16F7-4668-BE54-9A1E7A4F7556}") = "R5T.F0000", "..\..\R5T.F0000\source\R5T.F0000\R5T.F0000.csproj", "{9A8904CE-C012-4C21-8FE2-8440D1FACE95}"
EndProject
Project("{9A19103F-16F7-4668-BE54-9A1E7A4F7556}") = "R5T.F0142", "..\..\R5T.F0142\source\R5T.F0142\R5T.F0142.csproj", "{887F7B2B-FA4B-4947-9F3C-33977FCF14F2}"
EndProject
Project("{9A19103F-16F7-4668-BE54-9A1E7A4F7556}") = "R5T.L0043.F000", "..\..\R5T.L0043\source\R5T.L0043.F000\R5T.L0043.F000.csproj", "{251D299D-20AC-42E8-A9A8-42BFF2395292}"
EndProject
Project("{9A19103F-16F7-4668-BE54-9A1E7A4F7556}") = "R5T.L0043.F001", "..\..\R5T.L0043\source\R5T.L0043.F001\R5T.L0043.F001.csproj", "{C78621A5-C05C-498B-91CC-5F448AFAE7C8}"
EndProject
Project("{9A19103F-16F7-4668-BE54-9A1E7A4F7556}") = "R5T.L0043.T000", "..\..\R5T.L0043\source\R5T.L0043.T000\R5T.L0043.T000.csproj", "{4DF62FAC-DB54-459F-9740-8D8BC56CD74F}"
EndProject
Project("{9A19103F-16F7-4668-BE54-9A1E7A4F7556}") = "R5T.L0043.Z000", "..\..\R5T.L0043\source\R5T.L0043.Z000\R5T.L0043.Z000.csproj", "{93D331D0-4F2E-4B50-BA6D-FF6A31D82E3B}"
EndProject
Project("{9A19103F-16F7-4668-BE54-9A1E7A4F7556}") = "R5T.L0043.Z002", "..\..\R5T.L0043\source\R5T.L0043.Z002\R5T.L0043.Z002.csproj", "{044A8C5B-F25B-4811-BC9B-4D0B1DA7CF5B}"
EndProject
Project("{9A19103F-16F7-4668-BE54-9A1E7A4F7556}") = "R5T.T0131", "..\..\R5T.T0131\source\R5T.T0131\R5T.T0131.csproj", "{873E8F2C-3919-444B-99BE-EFE9C1FA0801}"
EndProject
Project("{9A19103F-16F7-4668-BE54-9A1E7A4F7556}") = "R5T.T0132", "..\..\R5T.T0132\source\R5T.T0132\R5T.T0132.csproj", "{345ED89F-8BC1-4F60-8D47-4D41D5BBB25B}"
EndProject
Project("{9A19103F-16F7-4668-BE54-9A1E7A4F7556}") = "R5T.T0142", "..\..\R5T.T0142\source\R5T.T0142\R5T.T0142.csproj", "{4E905F91-9C87-43C1-974D-E1F87DB6E232}"
EndProject
Project("{9A19103F-16F7-4668-BE54-9A1E7A4F7556}") = "R5T.T0143", "..\..\R5T.T0143\source\R5T.T0143\R5T.T0143.csproj", "{79CFAB13-5D70-4A2F-80A5-F27626B84C5B}"
EndProject
Project("{9A19103F-16F7-4668-BE54-9A1E7A4F7556}") = "R5T.T0156", "..\..\R5T.T0156\source\R5T.T0156\R5T.T0156.csproj", "{8B17FD55-0738-4C9A-8850-B94F411FACA6}"
EndProject
Project("{9A19103F-16F7-4668-BE54-9A1E7A4F7556}") = "R5T.T0178", "..\..\R5T.T0178\source\R5T.T0178\R5T.T0178.csproj", "{086EA15E-E10A-4E5D-A4B7-B86C63389C06}"
EndProject
Project("{9A19103F-16F7-4668-BE54-9A1E7A4F7556}") = "R5T.T0179", "..\..\R5T.T0179\source\R5T.T0179\R5T.T0179.csproj", "{25FB28FD-4ED2-4E21-BA45-D8CDAEDBDFD7}"
EndProject
Project("{9A19103F-16F7-4668-BE54-9A1E7A4F7556}") = "R5T.T0184", "..\..\R5T.T0184\source\R5T.T0184\R5T.T0184.csproj", "{A44B4E9E-E5B1-4149-AA51-D8A839BCA68F}"
EndProject
Project("{9A19103F-16F7-4668-BE54-9A1E7A4F7556}") = "R5T.T0185", "..\..\R5T.T0185\source\R5T.T0185\R5T.T0185.csproj", "{AD75491E-4C23-48E1-9CAB-CB02A39E19EA}"
EndProject
Project("{9A19103F-16F7-4668-BE54-9A1E7A4F7556}") = "R5T.Y0000", "..\..\R5T.Y0000\source\R5T.Y0000\R5T.Y0000.csproj", "{318ABD6C-11FE-469C-877B-3AEA29487CA6}"
EndProject
Project("{9A19103F-16F7-4668-BE54-9A1E7A4F7556}") = "R5T.Z0000", "..\..\R5T.Z0000\source\R5T.Z0000\R5T.Z0000.csproj", "{43BF6121-CFF9-496E-86E5-6ED87CEC6860}"
EndProject
Project("{9A19103F-16F7-4668-BE54-9A1E7A4F7556}") = "R5T.F0002", "..\..\R5T.F0002\source\R5T.F0002\R5T.F0002.csproj", "{A1CF82A9-032D-41D1-AD5D-20E858B79E12}"
EndProject
Project("{9A19103F-16F7-4668-BE54-9A1E7A4F7556}") = "R5T.F0120", "..\..\R5T.F0120\source\R5T.F0120\R5T.F0120.csproj", "{4D83681F-0D8A-4A98-9152-84D173317007}"
EndProject
Project("{9A19103F-16F7-4668-BE54-9A1E7A4F7556}") = "R5T.F0124", "..\..\R5T.F0124\source\R5T.F0124\R5T.F0124.csproj", "{CE328939-7C89-4884-93D9-612564771934}"
EndProject
Project("{9A19103F-16F7-4668-BE54-9A1E7A4F7556}") = "R5T.L0030.T000", "..\..\R5T.L0030\source\R5T.L0030.T000\R5T.L0030.T000.csproj", "{0EE44A70-9EB8-4889-B462-97C8B53A25C9}"
EndProject
Project("{9A19103F-16F7-4668-BE54-9A1E7A4F7556}") = "R5T.L0030", "..\..\R5T.L0030\source\R5T.L0030\R5T.L0030.csproj", "{8885E2EC-C7CF-4199-ACBD-C394AAC2502F}"
EndProject
Project("{9A19103F-16F7-4668-BE54-9A1E7A4F7556}") = "R5T.L0032.T000", "..\..\R5T.L0032\source\R5T.L0032.T000\R5T.L0032.T000.csproj", "{77C0205C-81C8-4436-AEC9-CA1C73AC09CC}"
EndProject
Project("{9A19103F-16F7-4668-BE54-9A1E7A4F7556}") = "R5T.L0034", "..\..\R5T.L0034\source\R5T.L0034\R5T.L0034.csproj", "{C3744043-6F3C-474E-9C39-CDBDA4314E90}"
EndProject
Project("{9A19103F-16F7-4668-BE54-9A1E7A4F7556}") = "R5T.NG0022", "..\..\R5T.NG0022\source\R5T.NG0022\R5T.NG0022.csproj", "{9401ADA4-CC38-491D-B534-84C00E29E21F}"
EndProject
Project("{9A19103F-16F7-4668-BE54-9A1E7A4F7556}") = "R5T.T0150", "..\..\R5T.T0150\source\R5T.T0150\R5T.T0150.csproj", "{A95B9CCC-BFAF-4940-B6BA-DFD4410026AA}"
EndProject
Project("{9A19103F-16F7-4668-BE54-9A1E7A4F7556}") = "R5T.T0151", "..\..\R5T.T0151\source\R5T.T0151\R5T.T0151.csproj", "{71CDFA63-B997-401D-BF81-B04EEBAABF87}"
EndProject
Project("{9A19103F-16F7-4668-BE54-9A1E7A4F7556}") = "R5T.T0161", "..\..\R5T.T0161\source\R5T.T0161\R5T.T0161.csproj", "{2F5BFB43-1954-49DC-B735-3BF4BA5425C9}"
EndProject
Project("{9A19103F-16F7-4668-BE54-9A1E7A4F7556}") = "R5T.T0172", "..\..\R5T.T0172\source\R5T.T0172\R5T.T0172.csproj", "{419697E7-3784-4150-8F59-304160153774}"
EndProject
Project("{9A19103F-16F7-4668-BE54-9A1E7A4F7556}") = "R5T.T0174", "..\..\R5T.T0174\source\R5T.T0174\R5T.T0174.csproj", "{B393F2D7-99BD-44A7-9ECF-3C367D4E5B19}"
EndProject
Project("{9A19103F-16F7-4668-BE54-9A1E7A4F7556}") = "R5T.T0176", "..\..\R5T.T0176\source\R5T.T0176\R5T.T0176.csproj", "{E9E2D5F1-AD02-4E2C-9D8D-9407947CB840}"
EndProject
Project("{9A19103F-16F7-4668-BE54-9A1E7A4F7556}") = "R5T.T0177", "..\..\R5T.T0177\source\R5T.T0177\R5T.T0177.csproj", "{995DDB85-48F1-4B62-8C94-E69ADB5B5646}"
EndProject
Project("{9A19103F-16F7-4668-BE54-9A1E7A4F7556}") = "R5T.T0180", "..\..\R5T.T0180\source\R5T.T0180\R5T.T0180.csproj", "{28D88A3A-8BFE-47B5-BB9D-C55409CE9A66}"
EndProject
Project("{9A19103F-16F7-4668-BE54-9A1E7A4F7556}") = "R5T.T0181", "..\..\R5T.T0181\source\R5T.T0181\R5T.T0181.csproj", "{301D3CDC-9179-4848-8F3A-C2E8ABF30B1B}"
EndProject
Project("{9A19103F-16F7-4668-BE54-9A1E7A4F7556}") = "R5T.T0186", "..\..\R5T.T0186\source\R5T.T0186\R5T.T0186.csproj", "{6B00A116-DD42-4341-9C75-07260A44AB20}"
EndProject
Project("{9A19103F-16F7-4668-BE54-9A1E7A4F7556}") = "R5T.T0187", "..\..\R5T.T0187\source\R5T.T0187\R5T.T0187.csproj", "{2B9928C5-E3C6-4927-967F-B4B1562492BC}"
EndProject
Project("{9A19103F-16F7-4668-BE54-9A1E7A4F7556}") = "R5T.T0196", "..\..\R5T.T0196\source\R5T.T0196\R5T.T0196.csproj", "{06C0F5F0-B5CE-407D-A8D0-0F7394E261E9}"
EndProject
Project("{9A19103F-16F7-4668-BE54-9A1E7A4F7556}") = "R5T.T0197", "..\..\R5T.T0197\source\R5T.T0197\R5T.T0197.csproj", "{69B27520-B109-43F2-A374-1DDD3F987208}"
EndProject
Project("{9A19103F-16F7-4668-BE54-9A1E7A4F7556}") = "R5T.T0198", "..\..\R5T.T0198\source\R5T.T0198\R5T.T0198.csproj", "{E90D52D0-7379-492F-96E0-98FE35EDE075}"
EndProject
Project("{9A19103F-16F7-4668-BE54-9A1E7A4F7556}") = "R5T.T0199", "..\..\R5T.T0199\source\R5T.T0199\R5T.T0199.csproj", "{EEB006CB-5125-4C85-AD47-27E7B9BF1075}"
EndProject
Project("{9A19103F-16F7-4668-BE54-9A1E7A4F7556}") = "R5T.T0200", "..\..\R5T.T0200\source\R5T.T0200\R5T.T0200.csproj", "{B33A0C94-64A1-43B9-BCBC-8FE99D884A16}"
EndProject
Project("{9A19103F-16F7-4668-BE54-9A1E7A4F7556}") = "R5T.T0203", "..\..\R5T.T0203\source\R5T.T0203\R5T.T0203.csproj", "{B952E36E-E365-476E-ABB0-5658FB2E8F0A}"
EndProject
Project("{9A19103F-16F7-4668-BE54-9A1E7A4F7556}") = "R5T.T0218", "..\..\R5T.T0218\source\R5T.T0218\R5T.T0218.csproj", "{066358E3-1AE0-4D39-9063-CC11F019BABE}"
EndProject
Project("{9A19103F-16F7-4668-BE54-9A1E7A4F7556}") = "R5T.T0220", "..\..\R5T.T0220\source\R5T.T0220\R5T.T0220.csproj", "{CF1E52C4-F305-45B4-BB55-71E6F0104C85}"
EndProject
Project("{9A19103F-16F7-4668-BE54-9A1E7A4F7556}") = "R5T.T0221", "..\..\R5T.T0221\source\R5T.T0221\R5T.T0221.csproj", "{8E8F5A18-6B24-4C48-BDD4-0600825250B5}"
EndProject
Project("{9A19103F-16F7-4668-BE54-9A1E7A4F7556}") = "R5T.Z0046", "..\..\R5T.Z0046\source\R5T.Z0046\R5T.Z0046.csproj", "{99292142-E89F-4B7B-AB0D-565A2946BE9D}"
EndProject
Project("{9A19103F-16F7-4668-BE54-9A1E7A4F7556}") = "R5T.T0141", "..\..\R5T.T0141\source\R5T.T0141\R5T.T0141.csproj", "{7F8D4B57-91E8-4BC7-A2D8-91630D6D900C}"
EndProject
Global
	GlobalSection(NestedProjects) = preSolution
		{9A8904CE-C012-4C21-8FE2-8440D1FACE95} = {82B82D77-A6F5-4984-99A9-63CCD0526A69}
		{887F7B2B-FA4B-4947-9F3C-33977FCF14F2} = {82B82D77-A6F5-4984-99A9-63CCD0526A69}
		{251D299D-20AC-42E8-A9A8-42BFF2395292} = {82B82D77-A6F5-4984-99A9-63CCD0526A69}
		{C78621A5-C05C-498B-91CC-5F448AFAE7C8} = {82B82D77-A6F5-4984-99A9-63CCD0526A69}
		{4DF62FAC-DB54-459F-9740-8D8BC56CD74F} = {82B82D77-A6F5-4984-99A9-63CCD0526A69}
		{93D331D0-4F2E-4B50-BA6D-FF6A31D82E3B} = {82B82D77-A6F5-4984-99A9-63CCD0526A69}
		{044A8C5B-F25B-4811-BC9B-4D0B1DA7CF5B} = {82B82D77-A6F5-4984-99A9-63CCD0526A69}
		{873E8F2C-3919-444B-99BE-EFE9C1FA0801} = {82B82D77-A6F5-4984-99A9-63CCD0526A69}
		{345ED89F-8BC1-4F60-8D47-4D41D5BBB25B} = {82B82D77-A6F5-4984-99A9-63CCD0526A69}
		{4E905F91-9C87-43C1-974D-E1F87DB6E232} = {82B82D77-A6F5-4984-99A9-63CCD0526A69}
		{79CFAB13-5D70-4A2F-80A5-F27626B84C5B} = {82B82D77-A6F5-4984-99A9-63CCD0526A69}
		{8B17FD55-0738-4C9A-8850-B94F411FACA6} = {82B82D77-A6F5-4984-99A9-63CCD0526A69}
		{086EA15E-E10A-4E5D-A4B7-B86C63389C06} = {82B82D77-A6F5-4984-99A9-63CCD0526A69}
		{25FB28FD-4ED2-4E21-BA45-D8CDAEDBDFD7} = {82B82D77-A6F5-4984-99A9-63CCD0526A69}
		{A44B4E9E-E5B1-4149-AA51-D8A839BCA68F} = {82B82D77-A6F5-4984-99A9-63CCD0526A69}
		{AD75491E-4C23-48E1-9CAB-CB02A39E19EA} = {82B82D77-A6F5-4984-99A9-63CCD0526A69}
		{318ABD6C-11FE-469C-877B-3AEA29487CA6} = {82B82D77-A6F5-4984-99A9-63CCD0526A69}
		{43BF6121-CFF9-496E-86E5-6ED87CEC6860} = {82B82D77-A6F5-4984-99A9-63CCD0526A69}
		{A1CF82A9-032D-41D1-AD5D-20E858B79E12} = {82B82D77-A6F5-4984-99A9-63CCD0526A69}
		{4D83681F-0D8A-4A98-9152-84D173317007} = {82B82D77-A6F5-4984-99A9-63CCD0526A69}
		{CE328939-7C89-4884-93D9-612564771934} = {82B82D77-A6F5-4984-99A9-63CCD0526A69}
		{0EE44A70-9EB8-4889-B462-97C8B53A25C9} = {82B82D77-A6F5-4984-99A9-63CCD0526A69}
		{8885E2EC-C7CF-4199-ACBD-C394AAC2502F} = {82B82D77-A6F5-4984-99A9-63CCD0526A69}
		{77C0205C-81C8-4436-AEC9-CA1C73AC09CC} = {82B82D77-A6F5-4984-99A9-63CCD0526A69}
		{C3744043-6F3C-474E-9C39-CDBDA4314E90} = {82B82D77-A6F5-4984-99A9-63CCD0526A69}
		{9401ADA4-CC38-491D-B534-84C00E29E21F} = {82B82D77-A6F5-4984-99A9-63CCD0526A69}
		{A95B9CCC-BFAF-4940-B6BA-DFD4410026AA} = {82B82D77-A6F5-4984-99A9-63CCD0526A69}
		{71CDFA63-B997-401D-BF81-B04EEBAABF87} = {82B82D77-A6F5-4984-99A9-63CCD0526A69}
		{2F5BFB43-1954-49DC-B735-3BF4BA5425C9} = {82B82D77-A6F5-4984-99A9-63CCD0526A69}
		{419697E7-3784-4150-8F59-304160153774} = {82B82D77-A6F5-4984-99A9-63CCD0526A69}
		{B393F2D7-99BD-44A7-9ECF-3C367D4E5B19} = {82B82D77-A6F5-4984-99A9-63CCD0526A69}
		{E9E2D5F1-AD02-4E2C-9D8D-9407947CB840} = {82B82D77-A6F5-4984-99A9-63CCD0526A69}
		{995DDB85-48F1-4B62-8C94-E69ADB5B5646} = {82B82D77-A6F5-4984-99A9-63CCD0526A69}
		{28D88A3A-8BFE-47B5-BB9D-C55409CE9A66} = {82B82D77-A6F5-4984-99A9-63CCD0526A69}
		{301D3CDC-9179-4848-8F3A-C2E8ABF30B1B} = {82B82D77-A6F5-4984-99A9-63CCD0526A69}
		{6B00A116-DD42-4341-9C75-07260A44AB20} = {82B82D77-A6F5-4984-99A9-63CCD0526A69}
		{2B9928C5-E3C6-4927-967F-B4B1562492BC} = {82B82D77-A6F5-4984-99A9-63CCD0526A69}
		{06C0F5F0-B5CE-407D-A8D0-0F7394E261E9} = {82B82D77-A6F5-4984-99A9-63CCD0526A69}
		{69B27520-B109-43F2-A374-1DDD3F987208} = {82B82D77-A6F5-4984-99A9-63CCD0526A69}
		{E90D52D0-7379-492F-96E0-98FE35EDE075} = {82B82D77-A6F5-4984-99A9-63CCD0526A69}
		{EEB006CB-5125-4C85-AD47-27E7B9BF1075} = {82B82D77-A6F5-4984-99A9-63CCD0526A69}
		{B33A0C94-64A1-43B9-BCBC-8FE99D884A16} = {82B82D77-A6F5-4984-99A9-63CCD0526A69}
		{B952E36E-E365-476E-ABB0-5658FB2E8F0A} = {82B82D77-A6F5-4984-99A9-63CCD0526A69}
		{066358E3-1AE0-4D39-9063-CC11F019BABE} = {82B82D77-A6F5-4984-99A9-63CCD0526A69}
		{CF1E52C4-F305-45B4-BB55-71E6F0104C85} = {82B82D77-A6F5-4984-99A9-63CCD0526A69}
		{8E8F5A18-6B24-4C48-BDD4-0600825250B5} = {82B82D77-A6F5-4984-99A9-63CCD0526A69}
		{99292142-E89F-4B7B-AB0D-565A2946BE9D} = {82B82D77-A6F5-4984-99A9-63CCD0526A69}
		{7F8D4B57-91E8-4BC7-A2D8-91630D6D900C} = {82B82D77-A6F5-4984-99A9-63CCD0526A69}
	EndGlobalSection
	GlobalSection(SolutionConfigurationPlatforms) = preSolution
		Debug|Any CPU = Debug|Any CPU
		Release|Any CPU = Release|Any CPU
	EndGlobalSection
	GlobalSection(ProjectConfigurationPlatforms) = postSolution
		{107EB761-D173-46D8-9D99-68EC7EE95B1F}.Debug|Any CPU.ActiveCfg = Debug|Any CPU
		{107EB761-D173-46D8-9D99-68EC7EE95B1F}.Debug|Any CPU.Build.0 = Debug|Any CPU
		{107EB761-D173-46D8-9D99-68EC7EE95B1F}.Release|Any CPU.ActiveCfg = Release|Any CPU
		{107EB761-D173-46D8-9D99-68EC7EE95B1F}.Release|Any CPU.Build.0 = Release|Any CPU
		{9A8904CE-C012-4C21-8FE2-8440D1FACE95}.Debug|Any CPU.ActiveCfg = Debug|Any CPU
		{9A8904CE-C012-4C21-8FE2-8440D1FACE95}.Debug|Any CPU.Build.0 = Debug|Any CPU
		{9A8904CE-C012-4C21-8FE2-8440D1FACE95}.Release|Any CPU.ActiveCfg = Release|Any CPU
		{9A8904CE-C012-4C21-8FE2-8440D1FACE95}.Release|Any CPU.Build.0 = Release|Any CPU
		{887F7B2B-FA4B-4947-9F3C-33977FCF14F2}.Debug|Any CPU.ActiveCfg = Debug|Any CPU
		{887F7B2B-FA4B-4947-9F3C-33977FCF14F2}.Debug|Any CPU.Build.0 = Debug|Any CPU
		{887F7B2B-FA4B-4947-9F3C-33977FCF14F2}.Release|Any CPU.ActiveCfg = Release|Any CPU
		{887F7B2B-FA4B-4947-9F3C-33977FCF14F2}.Release|Any CPU.Build.0 = Release|Any CPU
		{251D299D-20AC-42E8-A9A8-42BFF2395292}.Debug|Any CPU.ActiveCfg = Debug|Any CPU
		{251D299D-20AC-42E8-A9A8-42BFF2395292}.Debug|Any CPU.Build.0 = Debug|Any CPU
		{251D299D-20AC-42E8-A9A8-42BFF2395292}.Release|Any CPU.ActiveCfg = Release|Any CPU
		{251D299D-20AC-42E8-A9A8-42BFF2395292}.Release|Any CPU.Build.0 = Release|Any CPU
		{C78621A5-C05C-498B-91CC-5F448AFAE7C8}.Debug|Any CPU.ActiveCfg = Debug|Any CPU
		{C78621A5-C05C-498B-91CC-5F448AFAE7C8}.Debug|Any CPU.Build.0 = Debug|Any CPU
		{C78621A5-C05C-498B-91CC-5F448AFAE7C8}.Release|Any CPU.ActiveCfg = Release|Any CPU
		{C78621A5-C05C-498B-91CC-5F448AFAE7C8}.Release|Any CPU.Build.0 = Release|Any CPU
		{4DF62FAC-DB54-459F-9740-8D8BC56CD74F}.Debug|Any CPU.ActiveCfg = Debug|Any CPU
		{4DF62FAC-DB54-459F-9740-8D8BC56CD74F}.Debug|Any CPU.Build.0 = Debug|Any CPU
		{4DF62FAC-DB54-459F-9740-8D8BC56CD74F}.Release|Any CPU.ActiveCfg = Release|Any CPU
		{4DF62FAC-DB54-459F-9740-8D8BC56CD74F}.Release|Any CPU.Build.0 = Release|Any CPU
		{93D331D0-4F2E-4B50-BA6D-FF6A31D82E3B}.Debug|Any CPU.ActiveCfg = Debug|Any CPU
		{93D331D0-4F2E-4B50-BA6D-FF6A31D82E3B}.Debug|Any CPU.Build.0 = Debug|Any CPU
		{93D331D0-4F2E-4B50-BA6D-FF6A31D82E3B}.Release|Any CPU.ActiveCfg = Release|Any CPU
		{93D331D0-4F2E-4B50-BA6D-FF6A31D82E3B}.Release|Any CPU.Build.0 = Release|Any CPU
		{044A8C5B-F25B-4811-BC9B-4D0B1DA7CF5B}.Debug|Any CPU.ActiveCfg = Debug|Any CPU
		{044A8C5B-F25B-4811-BC9B-4D0B1DA7CF5B}.Debug|Any CPU.Build.0 = Debug|Any CPU
		{044A8C5B-F25B-4811-BC9B-4D0B1DA7CF5B}.Release|Any CPU.ActiveCfg = Release|Any CPU
		{044A8C5B-F25B-4811-BC9B-4D0B1DA7CF5B}.Release|Any CPU.Build.0 = Release|Any CPU
		{873E8F2C-3919-444B-99BE-EFE9C1FA0801}.Debug|Any CPU.ActiveCfg = Debug|Any CPU
		{873E8F2C-3919-444B-99BE-EFE9C1FA0801}.Debug|Any CPU.Build.0 = Debug|Any CPU
		{873E8F2C-3919-444B-99BE-EFE9C1FA0801}.Release|Any CPU.ActiveCfg = Release|Any CPU
		{873E8F2C-3919-444B-99BE-EFE9C1FA0801}.Release|Any CPU.Build.0 = Release|Any CPU
		{345ED89F-8BC1-4F60-8D47-4D41D5BBB25B}.Debug|Any CPU.ActiveCfg = Debug|Any CPU
		{345ED89F-8BC1-4F60-8D47-4D41D5BBB25B}.Debug|Any CPU.Build.0 = Debug|Any CPU
		{345ED89F-8BC1-4F60-8D47-4D41D5BBB25B}.Release|Any CPU.ActiveCfg = Release|Any CPU
		{345ED89F-8BC1-4F60-8D47-4D41D5BBB25B}.Release|Any CPU.Build.0 = Release|Any CPU
		{4E905F91-9C87-43C1-974D-E1F87DB6E232}.Debug|Any CPU.ActiveCfg = Debug|Any CPU
		{4E905F91-9C87-43C1-974D-E1F87DB6E232}.Debug|Any CPU.Build.0 = Debug|Any CPU
		{4E905F91-9C87-43C1-974D-E1F87DB6E232}.Release|Any CPU.ActiveCfg = Release|Any CPU
		{4E905F91-9C87-43C1-974D-E1F87DB6E232}.Release|Any CPU.Build.0 = Release|Any CPU
		{79CFAB13-5D70-4A2F-80A5-F27626B84C5B}.Debug|Any CPU.ActiveCfg = Debug|Any CPU
		{79CFAB13-5D70-4A2F-80A5-F27626B84C5B}.Debug|Any CPU.Build.0 = Debug|Any CPU
		{79CFAB13-5D70-4A2F-80A5-F27626B84C5B}.Release|Any CPU.ActiveCfg = Release|Any CPU
		{79CFAB13-5D70-4A2F-80A5-F27626B84C5B}.Release|Any CPU.Build.0 = Release|Any CPU
		{8B17FD55-0738-4C9A-8850-B94F411FACA6}.Debug|Any CPU.ActiveCfg = Debug|Any CPU
		{8B17FD55-0738-4C9A-8850-B94F411FACA6}.Debug|Any CPU.Build.0 = Debug|Any CPU
		{8B17FD55-0738-4C9A-8850-B94F411FACA6}.Release|Any CPU.ActiveCfg = Release|Any CPU
		{8B17FD55-0738-4C9A-8850-B94F411FACA6}.Release|Any CPU.Build.0 = Release|Any CPU
		{086EA15E-E10A-4E5D-A4B7-B86C63389C06}.Debug|Any CPU.ActiveCfg = Debug|Any CPU
		{086EA15E-E10A-4E5D-A4B7-B86C63389C06}.Debug|Any CPU.Build.0 = Debug|Any CPU
		{086EA15E-E10A-4E5D-A4B7-B86C63389C06}.Release|Any CPU.ActiveCfg = Release|Any CPU
		{086EA15E-E10A-4E5D-A4B7-B86C63389C06}.Release|Any CPU.Build.0 = Release|Any CPU
		{25FB28FD-4ED2-4E21-BA45-D8CDAEDBDFD7}.Debug|Any CPU.ActiveCfg = Debug|Any CPU
		{25FB28FD-4ED2-4E21-BA45-D8CDAEDBDFD7}.Debug|Any CPU.Build.0 = Debug|Any CPU
		{25FB28FD-4ED2-4E21-BA45-D8CDAEDBDFD7}.Release|Any CPU.ActiveCfg = Release|Any CPU
		{25FB28FD-4ED2-4E21-BA45-D8CDAEDBDFD7}.Release|Any CPU.Build.0 = Release|Any CPU
		{A44B4E9E-E5B1-4149-AA51-D8A839BCA68F}.Debug|Any CPU.ActiveCfg = Debug|Any CPU
		{A44B4E9E-E5B1-4149-AA51-D8A839BCA68F}.Debug|Any CPU.Build.0 = Debug|Any CPU
		{A44B4E9E-E5B1-4149-AA51-D8A839BCA68F}.Release|Any CPU.ActiveCfg = Release|Any CPU
		{A44B4E9E-E5B1-4149-AA51-D8A839BCA68F}.Release|Any CPU.Build.0 = Release|Any CPU
		{AD75491E-4C23-48E1-9CAB-CB02A39E19EA}.Debug|Any CPU.ActiveCfg = Debug|Any CPU
		{AD75491E-4C23-48E1-9CAB-CB02A39E19EA}.Debug|Any CPU.Build.0 = Debug|Any CPU
		{AD75491E-4C23-48E1-9CAB-CB02A39E19EA}.Release|Any CPU.ActiveCfg = Release|Any CPU
		{AD75491E-4C23-48E1-9CAB-CB02A39E19EA}.Release|Any CPU.Build.0 = Release|Any CPU
		{318ABD6C-11FE-469C-877B-3AEA29487CA6}.Debug|Any CPU.ActiveCfg = Debug|Any CPU
		{318ABD6C-11FE-469C-877B-3AEA29487CA6}.Debug|Any CPU.Build.0 = Debug|Any CPU
		{318ABD6C-11FE-469C-877B-3AEA29487CA6}.Release|Any CPU.ActiveCfg = Release|Any CPU
		{318ABD6C-11FE-469C-877B-3AEA29487CA6}.Release|Any CPU.Build.0 = Release|Any CPU
		{43BF6121-CFF9-496E-86E5-6ED87CEC6860}.Debug|Any CPU.ActiveCfg = Debug|Any CPU
		{43BF6121-CFF9-496E-86E5-6ED87CEC6860}.Debug|Any CPU.Build.0 = Debug|Any CPU
		{43BF6121-CFF9-496E-86E5-6ED87CEC6860}.Release|Any CPU.ActiveCfg = Release|Any CPU
		{43BF6121-CFF9-496E-86E5-6ED87CEC6860}.Release|Any CPU.Build.0 = Release|Any CPU
		{A1CF82A9-032D-41D1-AD5D-20E858B79E12}.Debug|Any CPU.ActiveCfg = Debug|Any CPU
		{A1CF82A9-032D-41D1-AD5D-20E858B79E12}.Debug|Any CPU.Build.0 = Debug|Any CPU
		{A1CF82A9-032D-41D1-AD5D-20E858B79E12}.Release|Any CPU.ActiveCfg = Release|Any CPU
		{A1CF82A9-032D-41D1-AD5D-20E858B79E12}.Release|Any CPU.Build.0 = Release|Any CPU
		{4D83681F-0D8A-4A98-9152-84D173317007}.Debug|Any CPU.ActiveCfg = Debug|Any CPU
		{4D83681F-0D8A-4A98-9152-84D173317007}.Debug|Any CPU.Build.0 = Debug|Any CPU
		{4D83681F-0D8A-4A98-9152-84D173317007}.Release|Any CPU.ActiveCfg = Release|Any CPU
		{4D83681F-0D8A-4A98-9152-84D173317007}.Release|Any CPU.Build.0 = Release|Any CPU
		{CE328939-7C89-4884-93D9-612564771934}.Debug|Any CPU.ActiveCfg = Debug|Any CPU
		{CE328939-7C89-4884-93D9-612564771934}.Debug|Any CPU.Build.0 = Debug|Any CPU
		{CE328939-7C89-4884-93D9-612564771934}.Release|Any CPU.ActiveCfg = Release|Any CPU
		{CE328939-7C89-4884-93D9-612564771934}.Release|Any CPU.Build.0 = Release|Any CPU
		{0EE44A70-9EB8-4889-B462-97C8B53A25C9}.Debug|Any CPU.ActiveCfg = Debug|Any CPU
		{0EE44A70-9EB8-4889-B462-97C8B53A25C9}.Debug|Any CPU.Build.0 = Debug|Any CPU
		{0EE44A70-9EB8-4889-B462-97C8B53A25C9}.Release|Any CPU.ActiveCfg = Release|Any CPU
		{0EE44A70-9EB8-4889-B462-97C8B53A25C9}.Release|Any CPU.Build.0 = Release|Any CPU
		{8885E2EC-C7CF-4199-ACBD-C394AAC2502F}.Debug|Any CPU.ActiveCfg = Debug|Any CPU
		{8885E2EC-C7CF-4199-ACBD-C394AAC2502F}.Debug|Any CPU.Build.0 = Debug|Any CPU
		{8885E2EC-C7CF-4199-ACBD-C394AAC2502F}.Release|Any CPU.ActiveCfg = Release|Any CPU
		{8885E2EC-C7CF-4199-ACBD-C394AAC2502F}.Release|Any CPU.Build.0 = Release|Any CPU
		{77C0205C-81C8-4436-AEC9-CA1C73AC09CC}.Debug|Any CPU.ActiveCfg = Debug|Any CPU
		{77C0205C-81C8-4436-AEC9-CA1C73AC09CC}.Debug|Any CPU.Build.0 = Debug|Any CPU
		{77C0205C-81C8-4436-AEC9-CA1C73AC09CC}.Release|Any CPU.ActiveCfg = Release|Any CPU
		{77C0205C-81C8-4436-AEC9-CA1C73AC09CC}.Release|Any CPU.Build.0 = Release|Any CPU
		{C3744043-6F3C-474E-9C39-CDBDA4314E90}.Debug|Any CPU.ActiveCfg = Debug|Any CPU
		{C3744043-6F3C-474E-9C39-CDBDA4314E90}.Debug|Any CPU.Build.0 = Debug|Any CPU
		{C3744043-6F3C-474E-9C39-CDBDA4314E90}.Release|Any CPU.ActiveCfg = Release|Any CPU
		{C3744043-6F3C-474E-9C39-CDBDA4314E90}.Release|Any CPU.Build.0 = Release|Any CPU
		{9401ADA4-CC38-491D-B534-84C00E29E21F}.Debug|Any CPU.ActiveCfg = Debug|Any CPU
		{9401ADA4-CC38-491D-B534-84C00E29E21F}.Debug|Any CPU.Build.0 = Debug|Any CPU
		{9401ADA4-CC38-491D-B534-84C00E29E21F}.Release|Any CPU.ActiveCfg = Release|Any CPU
		{9401ADA4-CC38-491D-B534-84C00E29E21F}.Release|Any CPU.Build.0 = Release|Any CPU
		{A95B9CCC-BFAF-4940-B6BA-DFD4410026AA}.Debug|Any CPU.ActiveCfg = Debug|Any CPU
		{A95B9CCC-BFAF-4940-B6BA-DFD4410026AA}.Debug|Any CPU.Build.0 = Debug|Any CPU
		{A95B9CCC-BFAF-4940-B6BA-DFD4410026AA}.Release|Any CPU.ActiveCfg = Release|Any CPU
		{A95B9CCC-BFAF-4940-B6BA-DFD4410026AA}.Release|Any CPU.Build.0 = Release|Any CPU
		{71CDFA63-B997-401D-BF81-B04EEBAABF87}.Debug|Any CPU.ActiveCfg = Debug|Any CPU
		{71CDFA63-B997-401D-BF81-B04EEBAABF87}.Debug|Any CPU.Build.0 = Debug|Any CPU
		{71CDFA63-B997-401D-BF81-B04EEBAABF87}.Release|Any CPU.ActiveCfg = Release|Any CPU
		{71CDFA63-B997-401D-BF81-B04EEBAABF87}.Release|Any CPU.Build.0 = Release|Any CPU
		{2F5BFB43-1954-49DC-B735-3BF4BA5425C9}.Debug|Any CPU.ActiveCfg = Debug|Any CPU
		{2F5BFB43-1954-49DC-B735-3BF4BA5425C9}.Debug|Any CPU.Build.0 = Debug|Any CPU
		{2F5BFB43-1954-49DC-B735-3BF4BA5425C9}.Release|Any CPU.ActiveCfg = Release|Any CPU
		{2F5BFB43-1954-49DC-B735-3BF4BA5425C9}.Release|Any CPU.Build.0 = Release|Any CPU
		{419697E7-3784-4150-8F59-304160153774}.Debug|Any CPU.ActiveCfg = Debug|Any CPU
		{419697E7-3784-4150-8F59-304160153774}.Debug|Any CPU.Build.0 = Debug|Any CPU
		{419697E7-3784-4150-8F59-304160153774}.Release|Any CPU.ActiveCfg = Release|Any CPU
		{419697E7-3784-4150-8F59-304160153774}.Release|Any CPU.Build.0 = Release|Any CPU
		{B393F2D7-99BD-44A7-9ECF-3C367D4E5B19}.Debug|Any CPU.ActiveCfg = Debug|Any CPU
		{B393F2D7-99BD-44A7-9ECF-3C367D4E5B19}.Debug|Any CPU.Build.0 = Debug|Any CPU
		{B393F2D7-99BD-44A7-9ECF-3C367D4E5B19}.Release|Any CPU.ActiveCfg = Release|Any CPU
		{B393F2D7-99BD-44A7-9ECF-3C367D4E5B19}.Release|Any CPU.Build.0 = Release|Any CPU
		{E9E2D5F1-AD02-4E2C-9D8D-9407947CB840}.Debug|Any CPU.ActiveCfg = Debug|Any CPU
		{E9E2D5F1-AD02-4E2C-9D8D-9407947CB840}.Debug|Any CPU.Build.0 = Debug|Any CPU
		{E9E2D5F1-AD02-4E2C-9D8D-9407947CB840}.Release|Any CPU.ActiveCfg = Release|Any CPU
		{E9E2D5F1-AD02-4E2C-9D8D-9407947CB840}.Release|Any CPU.Build.0 = Release|Any CPU
		{995DDB85-48F1-4B62-8C94-E69ADB5B5646}.Debug|Any CPU.ActiveCfg = Debug|Any CPU
		{995DDB85-48F1-4B62-8C94-E69ADB5B5646}.Debug|Any CPU.Build.0 = Debug|Any CPU
		{995DDB85-48F1-4B62-8C94-E69ADB5B5646}.Release|Any CPU.ActiveCfg = Release|Any CPU
		{995DDB85-48F1-4B62-8C94-E69ADB5B5646}.Release|Any CPU.Build.0 = Release|Any CPU
		{28D88A3A-8BFE-47B5-BB9D-C55409CE9A66}.Debug|Any CPU.ActiveCfg = Debug|Any CPU
		{28D88A3A-8BFE-47B5-BB9D-C55409CE9A66}.Debug|Any CPU.Build.0 = Debug|Any CPU
		{28D88A3A-8BFE-47B5-BB9D-C55409CE9A66}.Release|Any CPU.ActiveCfg = Release|Any CPU
		{28D88A3A-8BFE-47B5-BB9D-C55409CE9A66}.Release|Any CPU.Build.0 = Release|Any CPU
		{301D3CDC-9179-4848-8F3A-C2E8ABF30B1B}.Debug|Any CPU.ActiveCfg = Debug|Any CPU
		{301D3CDC-9179-4848-8F3A-C2E8ABF30B1B}.Debug|Any CPU.Build.0 = Debug|Any CPU
		{301D3CDC-9179-4848-8F3A-C2E8ABF30B1B}.Release|Any CPU.ActiveCfg = Release|Any CPU
		{301D3CDC-9179-4848-8F3A-C2E8ABF30B1B}.Release|Any CPU.Build.0 = Release|Any CPU
		{6B00A116-DD42-4341-9C75-07260A44AB20}.Debug|Any CPU.ActiveCfg = Debug|Any CPU
		{6B00A116-DD42-4341-9C75-07260A44AB20}.Debug|Any CPU.Build.0 = Debug|Any CPU
		{6B00A116-DD42-4341-9C75-07260A44AB20}.Release|Any CPU.ActiveCfg = Release|Any CPU
		{6B00A116-DD42-4341-9C75-07260A44AB20}.Release|Any CPU.Build.0 = Release|Any CPU
		{2B9928C5-E3C6-4927-967F-B4B1562492BC}.Debug|Any CPU.ActiveCfg = Debug|Any CPU
		{2B9928C5-E3C6-4927-967F-B4B1562492BC}.Debug|Any CPU.Build.0 = Debug|Any CPU
		{2B9928C5-E3C6-4927-967F-B4B1562492BC}.Release|Any CPU.ActiveCfg = Release|Any CPU
		{2B9928C5-E3C6-4927-967F-B4B1562492BC}.Release|Any CPU.Build.0 = Release|Any CPU
		{06C0F5F0-B5CE-407D-A8D0-0F7394E261E9}.Debug|Any CPU.ActiveCfg = Debug|Any CPU
		{06C0F5F0-B5CE-407D-A8D0-0F7394E261E9}.Debug|Any CPU.Build.0 = Debug|Any CPU
		{06C0F5F0-B5CE-407D-A8D0-0F7394E261E9}.Release|Any CPU.ActiveCfg = Release|Any CPU
		{06C0F5F0-B5CE-407D-A8D0-0F7394E261E9}.Release|Any CPU.Build.0 = Release|Any CPU
		{69B27520-B109-43F2-A374-1DDD3F987208}.Debug|Any CPU.ActiveCfg = Debug|Any CPU
		{69B27520-B109-43F2-A374-1DDD3F987208}.Debug|Any CPU.Build.0 = Debug|Any CPU
		{69B27520-B109-43F2-A374-1DDD3F987208}.Release|Any CPU.ActiveCfg = Release|Any CPU
		{69B27520-B109-43F2-A374-1DDD3F987208}.Release|Any CPU.Build.0 = Release|Any CPU
		{E90D52D0-7379-492F-96E0-98FE35EDE075}.Debug|Any CPU.ActiveCfg = Debug|Any CPU
		{E90D52D0-7379-492F-96E0-98FE35EDE075}.Debug|Any CPU.Build.0 = Debug|Any CPU
		{E90D52D0-7379-492F-96E0-98FE35EDE075}.Release|Any CPU.ActiveCfg = Release|Any CPU
		{E90D52D0-7379-492F-96E0-98FE35EDE075}.Release|Any CPU.Build.0 = Release|Any CPU
		{EEB006CB-5125-4C85-AD47-27E7B9BF1075}.Debug|Any CPU.ActiveCfg = Debug|Any CPU
		{EEB006CB-5125-4C85-AD47-27E7B9BF1075}.Debug|Any CPU.Build.0 = Debug|Any CPU
		{EEB006CB-5125-4C85-AD47-27E7B9BF1075}.Release|Any CPU.ActiveCfg = Release|Any CPU
		{EEB006CB-5125-4C85-AD47-27E7B9BF1075}.Release|Any CPU.Build.0 = Release|Any CPU
		{B33A0C94-64A1-43B9-BCBC-8FE99D884A16}.Debug|Any CPU.ActiveCfg = Debug|Any CPU
		{B33A0C94-64A1-43B9-BCBC-8FE99D884A16}.Debug|Any CPU.Build.0 = Debug|Any CPU
		{B33A0C94-64A1-43B9-BCBC-8FE99D884A16}.Release|Any CPU.ActiveCfg = Release|Any CPU
		{B33A0C94-64A1-43B9-BCBC-8FE99D884A16}.Release|Any CPU.Build.0 = Release|Any CPU
		{B952E36E-E365-476E-ABB0-5658FB2E8F0A}.Debug|Any CPU.ActiveCfg = Debug|Any CPU
		{B952E36E-E365-476E-ABB0-5658FB2E8F0A}.Debug|Any CPU.Build.0 = Debug|Any CPU
		{B952E36E-E365-476E-ABB0-5658FB2E8F0A}.Release|Any CPU.ActiveCfg = Release|Any CPU
		{B952E36E-E365-476E-ABB0-5658FB2E8F0A}.Release|Any CPU.Build.0 = Release|Any CPU
		{066358E3-1AE0-4D39-9063-CC11F019BABE}.Debug|Any CPU.ActiveCfg = Debug|Any CPU
		{066358E3-1AE0-4D39-9063-CC11F019BABE}.Debug|Any CPU.Build.0 = Debug|Any CPU
		{066358E3-1AE0-4D39-9063-CC11F019BABE}.Release|Any CPU.ActiveCfg = Release|Any CPU
		{066358E3-1AE0-4D39-9063-CC11F019BABE}.Release|Any CPU.Build.0 = Release|Any CPU
		{CF1E52C4-F305-45B4-BB55-71E6F0104C85}.Debug|Any CPU.ActiveCfg = Debug|Any CPU
		{CF1E52C4-F305-45B4-BB55-71E6F0104C85}.Debug|Any CPU.Build.0 = Debug|Any CPU
		{CF1E52C4-F305-45B4-BB55-71E6F0104C85}.Release|Any CPU.ActiveCfg = Release|Any CPU
		{CF1E52C4-F305-45B4-BB55-71E6F0104C85}.Release|Any CPU.Build.0 = Release|Any CPU
		{8E8F5A18-6B24-4C48-BDD4-0600825250B5}.Debug|Any CPU.ActiveCfg = Debug|Any CPU
		{8E8F5A18-6B24-4C48-BDD4-0600825250B5}.Debug|Any CPU.Build.0 = Debug|Any CPU
		{8E8F5A18-6B24-4C48-BDD4-0600825250B5}.Release|Any CPU.ActiveCfg = Release|Any CPU
		{8E8F5A18-6B24-4C48-BDD4-0600825250B5}.Release|Any CPU.Build.0 = Release|Any CPU
		{99292142-E89F-4B7B-AB0D-565A2946BE9D}.Debug|Any CPU.ActiveCfg = Debug|Any CPU
		{99292142-E89F-4B7B-AB0D-565A2946BE9D}.Debug|Any CPU.Build.0 = Debug|Any CPU
		{99292142-E89F-4B7B-AB0D-565A2946BE9D}.Release|Any CPU.ActiveCfg = Release|Any CPU
		{99292142-E89F-4B7B-AB0D-565A2946BE9D}.Release|Any CPU.Build.0 = Release|Any CPU
		{7F8D4B57-91E8-4BC7-A2D8-91630D6D900C}.Debug|Any CPU.ActiveCfg = Debug|Any CPU
		{7F8D4B57-91E8-4BC7-A2D8-91630D6D900C}.Debug|Any CPU.Build.0 = Debug|Any CPU
		{7F8D4B57-91E8-4BC7-A2D8-91630D6D900C}.Release|Any CPU.ActiveCfg = Release|Any CPU
		{7F8D4B57-91E8-4BC7-A2D8-91630D6D900C}.Release|Any CPU.Build.0 = Release|Any CPU
	EndGlobalSection
	GlobalSection(SolutionProperties) = preSolution
		HideSolutionNode = FALSE
	EndGlobalSection
	GlobalSection(ExtensibilityGlobals) = postSolution
		SolutionGuid = {3CAF0259-DA03-48C6-AB2C-81BBD9EC64A3}
	EndGlobalSection
EndGlobal
